{
	"name": "digester-worker",
	"version": "0.0.0",
	"lockfileVersion": 3,
	"requires": true,
	"packages": {
		"": {
			"name": "digester-worker",
			"version": "0.0.0",
			"dependencies": {
				"superjson": "^2.2.2"
			}
		},
		"node_modules/copy-anything": {
			"version": "3.0.5",
			"resolved": "https://registry.npmjs.org/copy-anything/-/copy-anything-3.0.5.tgz",
			"integrity": "sha512-yCEafptTtb4bk7GLEQoM8KVJpxAfdBJYaXyzQEgQQQgYrZiDp8SJmGKlYza6CYjEDNstAdNdKA3UuoULlEbS6w==",
			"dependencies": {
				"is-what": "^4.1.8"
			},
			"engines": {
				"node": ">=12.13"
			},
			"funding": {
				"url": "https://github.com/sponsors/mesqueeb"
			}
		},
		"node_modules/is-what": {
			"version": "4.1.16",
			"resolved": "https://registry.npmjs.org/is-what/-/is-what-4.1.16.tgz",
			"integrity": "sha512-ZhMwEosbFJkA0YhFnNDgTM4ZxDRsS6HqTo7qsZM08fehyRYIYa0yHu5R6mgo1n/8MgaPBXiPimPD77baVFYg+A==",
			"engines": {
				"node": ">=12.13"
			},
			"funding": {
				"url": "https://github.com/sponsors/mesqueeb"
			}
		},
		"node_modules/superjson": {
			"version": "2.2.2",
			"resolved": "https://registry.npmjs.org/superjson/-/superjson-2.2.2.tgz",
			"integrity": "sha512-5JRxVqC8I8NuOUjzBbvVJAKNM8qoVuH0O77h4WInc/qC2q5IreqKxYwgkga3PfA22OayK2ikceb/B26dztPl+Q==",
			"dependencies": {
				"copy-anything": "^3.0.2"
			},
			"engines": {
				"node": ">=16"
			}
		}
	}
}
